
Microsoft Visual Studio Solution File, Format Version 12.00
# Visual Studio Version 16
VisualStudioVersion = 16.0.28803.352
MinimumVisualStudioVersion = 10.0.40219.1
Project("{8BC9CEB8-8B4A-11D0-8D11-00A0C91BC942}") = "people", "people\people.vcxproj", "{24210394-AF90-42B6-8848-3D235AB976E4}"
EndProject
Global
	GlobalSection(SolutionConfigurationPlatforms) = preSolution
		Debug|x64 = Debug|x64
		Debug|x86 = Debug|x86
		Release|x64 = Release|x64
		Release|x86 = Release|x86
	EndGlobalSection
	GlobalSection(ProjectConfigurationPlatforms) = postSolution
		{24210394-AF90-42B6-8848-3D235AB976E4}.Debug|x64.ActiveCfg = Debug|x64
		{24210394-AF90-42B6-8848-3D235AB976E4}.Debug|x64.Build.0 = Debug|x64
		{24210394-AF90-42B6-8848-3D235AB976E4}.Debug|x86.ActiveCfg = Debug|Win32
		{24210394-AF90-42B6-8848-3D235AB976E4}.Debug|x86.Build.0 = Debug|Win32
		{24210394-AF90-42B6-8848-3D235AB976E4}.Release|x64.ActiveCfg = Release|x64
		{24210394-AF90-42B6-8848-3D235AB976E4}.Release|x64.Build.0 = Release|x64
		{24210394-AF90-42B6-8848-3D235AB976E4}.Release|x86.ActiveCfg = Release|Win32
		{24210394-AF90-42B6-8848-3D235AB976E4}.Release|x86.Build.0 = Release|Win32
	EndGlobalSection
	GlobalSection(SolutionProperties) = preSolution
		HideSolutionNode = FALSE
	EndGlobalSection
	GlobalSection(ExtensibilityGlobals) = postSolution
		SolutionGuid = {2FAFF0AB-12BE-44F5-8E82-7E81962B2BBA}
	EndGlobalSection
EndGlobal
